
Microsoft Visual Studio Solution File, Format Version 12.00
# Visual Studio Version 16
VisualStudioVersion = 16.0.30717.126
MinimumVisualStudioVersion = 10.0.40219.1
Project("{FAE04EC0-301F-11D3-BF4B-00C04F79EFBC}") = "KifuwaraneGui", "KifuNarabe\KifuwaraneGui.csproj", "{9593ACC7-348B-4868-892C-7BAFBF925B9D}"
EndProject
Project("{FAE04EC0-301F-11D3-BF4B-00C04F79EFBC}") = "KifuwaraneEntities", "..\KifuLarabe\KifuLarabe\KifuwaraneEntities.csproj", "{18FB9B6E-95B2-47FE-A2F6-4FD865ABD804}"
EndProject
Project("{FAE04EC0-301F-11D3-BF4B-00C04F79EFBC}") = "KifuwaraneEngine", "..\KifuWarabe\KifuWarabe\KifuwaraneEngine.csproj", "{E96A7341-B8E6-4979-8B2A-94FF2818962C}"
EndProject
Project("{FAE04EC0-301F-11D3-BF4B-00C04F79EFBC}") = "KifuwaraneUseCase", "..\KifuwaraneUseCase\KifuwaraneUseCase\KifuwaraneUseCase.csproj", "{8116743D-A283-47E9-BC86-DF30351E3AEB}"
EndProject
Global
	GlobalSection(SolutionConfigurationPlatforms) = preSolution
		Debug|Any CPU = Debug|Any CPU
		Release|Any CPU = Release|Any CPU
	EndGlobalSection
	GlobalSection(ProjectConfigurationPlatforms) = postSolution
		{9593ACC7-348B-4868-892C-7BAFBF925B9D}.Debug|Any CPU.ActiveCfg = Debug|Any CPU
		{9593ACC7-348B-4868-892C-7BAFBF925B9D}.Debug|Any CPU.Build.0 = Debug|Any CPU
		{9593ACC7-348B-4868-892C-7BAFBF925B9D}.Release|Any CPU.ActiveCfg = Release|Any CPU
		{9593ACC7-348B-4868-892C-7BAFBF925B9D}.Release|Any CPU.Build.0 = Release|Any CPU
		{18FB9B6E-95B2-47FE-A2F6-4FD865ABD804}.Debug|Any CPU.ActiveCfg = Debug|Any CPU
		{18FB9B6E-95B2-47FE-A2F6-4FD865ABD804}.Debug|Any CPU.Build.0 = Debug|Any CPU
		{18FB9B6E-95B2-47FE-A2F6-4FD865ABD804}.Release|Any CPU.ActiveCfg = Release|Any CPU
		{18FB9B6E-95B2-47FE-A2F6-4FD865ABD804}.Release|Any CPU.Build.0 = Release|Any CPU
		{E96A7341-B8E6-4979-8B2A-94FF2818962C}.Debug|Any CPU.ActiveCfg = Debug|Any CPU
		{E96A7341-B8E6-4979-8B2A-94FF2818962C}.Debug|Any CPU.Build.0 = Debug|Any CPU
		{E96A7341-B8E6-4979-8B2A-94FF2818962C}.Release|Any CPU.ActiveCfg = Release|Any CPU
		{E96A7341-B8E6-4979-8B2A-94FF2818962C}.Release|Any CPU.Build.0 = Release|Any CPU
		{8116743D-A283-47E9-BC86-DF30351E3AEB}.Debug|Any CPU.ActiveCfg = Debug|Any CPU
		{8116743D-A283-47E9-BC86-DF30351E3AEB}.Debug|Any CPU.Build.0 = Debug|Any CPU
		{8116743D-A283-47E9-BC86-DF30351E3AEB}.Release|Any CPU.ActiveCfg = Release|Any CPU
		{8116743D-A283-47E9-BC86-DF30351E3AEB}.Release|Any CPU.Build.0 = Release|Any CPU
	EndGlobalSection
	GlobalSection(SolutionProperties) = preSolution
		HideSolutionNode = FALSE
	EndGlobalSection
	GlobalSection(ExtensibilityGlobals) = postSolution
		SolutionGuid = {DFADDA81-CC05-458F-BCF0-86362D31D102}
	EndGlobalSection
EndGlobal
